// !$*UTF8*$!
{
	archiveVersion = 1;
	classes = {
	};
	objectVersion = 46;
	objects = {

/* Begin PBXBuildFile section */
		0F2E6E4118C4FCE700F7F005 /* SIButton.m in Sources */ = {isa = PBXBuildFile; fileRef = 0F2E6E4018C4FCE700F7F005 /* SIButton.m */; };
		0F2E6E4718C5135700F7F005 /* SIScrollView.m in Sources */ = {isa = PBXBuildFile; fileRef = 0F2E6E4618C5135700F7F005 /* SIScrollView.m */; };
		0F2E6E5618C5530800F7F005 /* SILabelTextBlock.m in Sources */ = {isa = PBXBuildFile; fileRef = 0F2E6E5518C5530800F7F005 /* SILabelTextBlock.m */; };
		0F2E6E5918C5533000F7F005 /* SILabelHeader.m in Sources */ = {isa = PBXBuildFile; fileRef = 0F2E6E5818C5533000F7F005 /* SILabelHeader.m */; };
		0F2E6E5C18C642A500F7F005 /* SIPostAcknoledgement.m in Sources */ = {isa = PBXBuildFile; fileRef = 0F2E6E5B18C642A500F7F005 /* SIPostAcknoledgement.m */; };
		0F2E6E6718C68C4800F7F005 /* UserSessionContext.m in Sources */ = {isa = PBXBuildFile; fileRef = 0F2E6E6618C68C4800F7F005 /* UserSessionContext.m */; };
		0F2E6E6A18C68C6A00F7F005 /* AppSessionContext.m in Sources */ = {isa = PBXBuildFile; fileRef = 0F2E6E6918C68C6A00F7F005 /* AppSessionContext.m */; };
		0F2E6E7C18CA464200F7F005 /* SIGroupedTableView.m in Sources */ = {isa = PBXBuildFile; fileRef = 0F2E6E7B18CA464200F7F005 /* SIGroupedTableView.m */; };
		0F2E6E7F18CA4C5000F7F005 /* AccountMainViewController.m in Sources */ = {isa = PBXBuildFile; fileRef = 0F2E6E7E18CA4C5000F7F005 /* AccountMainViewController.m */; };
		0FF88BD418C103EA00F08CA9 /* SignInViewController.m in Sources */ = {isa = PBXBuildFile; fileRef = 0FF88BD318C103EA00F08CA9 /* SignInViewController.m */; };
		16DE4D7A18BEC9FD00FF96A2 /* Foundation.framework in Frameworks */ = {isa = PBXBuildFile; fileRef = 16DE4D7918BEC9FD00FF96A2 /* Foundation.framework */; };
		16DE4D7C18BEC9FD00FF96A2 /* CoreGraphics.framework in Frameworks */ = {isa = PBXBuildFile; fileRef = 16DE4D7B18BEC9FD00FF96A2 /* CoreGraphics.framework */; };
		16DE4D7E18BEC9FD00FF96A2 /* UIKit.framework in Frameworks */ = {isa = PBXBuildFile; fileRef = 16DE4D7D18BEC9FD00FF96A2 /* UIKit.framework */; };
		16DE4D8018BEC9FD00FF96A2 /* CoreData.framework in Frameworks */ = {isa = PBXBuildFile; fileRef = 16DE4D7F18BEC9FD00FF96A2 /* CoreData.framework */; };
		16DE4D8618BEC9FD00FF96A2 /* InfoPlist.strings in Resources */ = {isa = PBXBuildFile; fileRef = 16DE4D8418BEC9FD00FF96A2 /* InfoPlist.strings */; };
		16DE4D8818BEC9FD00FF96A2 /* main.m in Sources */ = {isa = PBXBuildFile; fileRef = 16DE4D8718BEC9FD00FF96A2 /* main.m */; };
		16DE4D8C18BEC9FD00FF96A2 /* AppDelegate.m in Sources */ = {isa = PBXBuildFile; fileRef = 16DE4D8B18BEC9FD00FF96A2 /* AppDelegate.m */; };
		16DE4D8F18BEC9FD00FF96A2 /* ScheduleIt.xcdatamodeld in Sources */ = {isa = PBXBuildFile; fileRef = 16DE4D8D18BEC9FD00FF96A2 /* ScheduleIt.xcdatamodeld */; };
		16DE4D9118BEC9FD00FF96A2 /* Images.xcassets in Resources */ = {isa = PBXBuildFile; fileRef = 16DE4D9018BEC9FD00FF96A2 /* Images.xcassets */; };
		16DE4D9818BEC9FD00FF96A2 /* XCTest.framework in Frameworks */ = {isa = PBXBuildFile; fileRef = 16DE4D9718BEC9FD00FF96A2 /* XCTest.framework */; };
		16DE4D9918BEC9FD00FF96A2 /* Foundation.framework in Frameworks */ = {isa = PBXBuildFile; fileRef = 16DE4D7918BEC9FD00FF96A2 /* Foundation.framework */; };
		16DE4D9A18BEC9FD00FF96A2 /* UIKit.framework in Frameworks */ = {isa = PBXBuildFile; fileRef = 16DE4D7D18BEC9FD00FF96A2 /* UIKit.framework */; };
		16DE4D9B18BEC9FD00FF96A2 /* CoreData.framework in Frameworks */ = {isa = PBXBuildFile; fileRef = 16DE4D7F18BEC9FD00FF96A2 /* CoreData.framework */; };
		16DE4DA318BEC9FD00FF96A2 /* InfoPlist.strings in Resources */ = {isa = PBXBuildFile; fileRef = 16DE4DA118BEC9FD00FF96A2 /* InfoPlist.strings */; };
		16DE4DA518BEC9FD00FF96A2 /* ScheduleItTests.m in Sources */ = {isa = PBXBuildFile; fileRef = 16DE4DA418BEC9FD00FF96A2 /* ScheduleItTests.m */; };
		16DE4DBA18BECEFE00FF96A2 /* BackgroundViewController.m in Sources */ = {isa = PBXBuildFile; fileRef = 16DE4DB918BECEFE00FF96A2 /* BackgroundViewController.m */; };
		16DE4DBF18C589DC00FF96A2 /* SITextField.m in Sources */ = {isa = PBXBuildFile; fileRef = 16DE4DBE18C589DC00FF96A2 /* SITextField.m */; };
		16DE4DC218C599EE00FF96A2 /* SIError.m in Sources */ = {isa = PBXBuildFile; fileRef = 16DE4DC118C599EE00FF96A2 /* SIError.m */; };
		16DE4DC518C6DC3400FF96A2 /* exit.png in Resources */ = {isa = PBXBuildFile; fileRef = 16DE4DC418C6DC3400FF96A2 /* exit.png */; };
		16DE4DC718C6DC4F00FF96A2 /* home.png in Resources */ = {isa = PBXBuildFile; fileRef = 16DE4DC618C6DC4F00FF96A2 /* home.png */; };
		16DE4DC918C6DC6C00FF96A2 /* back.png in Resources */ = {isa = PBXBuildFile; fileRef = 16DE4DC818C6DC6C00FF96A2 /* back.png */; };
		16DE4DCB18C6DCDE00FF96A2 /* error.png in Resources */ = {isa = PBXBuildFile; fileRef = 16DE4DCA18C6DCDE00FF96A2 /* error.png */; };
		16F3C4E618C6F81800F41C24 /* RegisterViewController.m in Sources */ = {isa = PBXBuildFile; fileRef = 16F3C4E518C6F81800F41C24 /* RegisterViewController.m */; };
/* End PBXBuildFile section */

/* Begin PBXContainerItemProxy section */
		16DE4D9C18BEC9FD00FF96A2 /* PBXContainerItemProxy */ = {
			isa = PBXContainerItemProxy;
			containerPortal = 16DE4D6E18BEC9FD00FF96A2 /* Project object */;
			proxyType = 1;
			remoteGlobalIDString = 16DE4D7518BEC9FD00FF96A2;
			remoteInfo = ScheduleIt;
		};
/* End PBXContainerItemProxy section */

/* Begin PBXFileReference section */
		0F2E6E3F18C4FCE700F7F005 /* SIButton.h */ = {isa = PBXFileReference; fileEncoding = 4; lastKnownFileType = sourcecode.c.h; path = SIButton.h; sourceTree = "<group>"; };
		0F2E6E4018C4FCE700F7F005 /* SIButton.m */ = {isa = PBXFileReference; fileEncoding = 4; lastKnownFileType = sourcecode.c.objc; path = SIButton.m; sourceTree = "<group>"; };
		0F2E6E4518C5135700F7F005 /* SIScrollView.h */ = {isa = PBXFileReference; fileEncoding = 4; lastKnownFileType = sourcecode.c.h; path = SIScrollView.h; sourceTree = "<group>"; };
		0F2E6E4618C5135700F7F005 /* SIScrollView.m */ = {isa = PBXFileReference; fileEncoding = 4; lastKnownFileType = sourcecode.c.objc; path = SIScrollView.m; sourceTree = "<group>"; };
		0F2E6E5418C5530800F7F005 /* SILabelTextBlock.h */ = {isa = PBXFileReference; fileEncoding = 4; lastKnownFileType = sourcecode.c.h; path = SILabelTextBlock.h; sourceTree = "<group>"; };
		0F2E6E5518C5530800F7F005 /* SILabelTextBlock.m */ = {isa = PBXFileReference; fileEncoding = 4; lastKnownFileType = sourcecode.c.objc; path = SILabelTextBlock.m; sourceTree = "<group>"; };
		0F2E6E5718C5533000F7F005 /* SILabelHeader.h */ = {isa = PBXFileReference; fileEncoding = 4; lastKnownFileType = sourcecode.c.h; path = SILabelHeader.h; sourceTree = "<group>"; };
		0F2E6E5818C5533000F7F005 /* SILabelHeader.m */ = {isa = PBXFileReference; fileEncoding = 4; lastKnownFileType = sourcecode.c.objc; path = SILabelHeader.m; sourceTree = "<group>"; };
		0F2E6E5A18C642A500F7F005 /* SIPostAcknoledgement.h */ = {isa = PBXFileReference; fileEncoding = 4; lastKnownFileType = sourcecode.c.h; path = SIPostAcknoledgement.h; sourceTree = "<group>"; };
		0F2E6E5B18C642A500F7F005 /* SIPostAcknoledgement.m */ = {isa = PBXFileReference; fileEncoding = 4; lastKnownFileType = sourcecode.c.objc; path = SIPostAcknoledgement.m; sourceTree = "<group>"; };
		0F2E6E6518C68C4800F7F005 /* UserSessionContext.h */ = {isa = PBXFileReference; fileEncoding = 4; lastKnownFileType = sourcecode.c.h; path = UserSessionContext.h; sourceTree = "<group>"; };
		0F2E6E6618C68C4800F7F005 /* UserSessionContext.m */ = {isa = PBXFileReference; fileEncoding = 4; lastKnownFileType = sourcecode.c.objc; path = UserSessionContext.m; sourceTree = "<group>"; };
		0F2E6E6818C68C6A00F7F005 /* AppSessionContext.h */ = {isa = PBXFileReference; fileEncoding = 4; lastKnownFileType = sourcecode.c.h; path = AppSessionContext.h; sourceTree = "<group>"; };
		0F2E6E6918C68C6A00F7F005 /* AppSessionContext.m */ = {isa = PBXFileReference; fileEncoding = 4; lastKnownFileType = sourcecode.c.objc; path = AppSessionContext.m; sourceTree = "<group>"; };
		0F2E6E6E18C6911C00F7F005 /* Global.h */ = {isa = PBXFileReference; lastKnownFileType = sourcecode.c.h; path = Global.h; sourceTree = "<group>"; };
		0F2E6E7718C9205400F7F005 /* SIErrorCodes.h */ = {isa = PBXFileReference; lastKnownFileType = sourcecode.c.h; path = SIErrorCodes.h; sourceTree = "<group>"; };
		0F2E6E7A18CA464200F7F005 /* SIGroupedTableView.h */ = {isa = PBXFileReference; fileEncoding = 4; lastKnownFileType = sourcecode.c.h; path = SIGroupedTableView.h; sourceTree = "<group>"; };
		0F2E6E7B18CA464200F7F005 /* SIGroupedTableView.m */ = {isa = PBXFileReference; fileEncoding = 4; lastKnownFileType = sourcecode.c.objc; path = SIGroupedTableView.m; sourceTree = "<group>"; };
		0F2E6E7D18CA4C5000F7F005 /* AccountMainViewController.h */ = {isa = PBXFileReference; fileEncoding = 4; lastKnownFileType = sourcecode.c.h; path = AccountMainViewController.h; sourceTree = "<group>"; };
		0F2E6E7E18CA4C5000F7F005 /* AccountMainViewController.m */ = {isa = PBXFileReference; fileEncoding = 4; lastKnownFileType = sourcecode.c.objc; path = AccountMainViewController.m; sourceTree = "<group>"; };
		0FF88BD218C103EA00F08CA9 /* SignInViewController.h */ = {isa = PBXFileReference; fileEncoding = 4; lastKnownFileType = sourcecode.c.h; path = SignInViewController.h; sourceTree = "<group>"; };
		0FF88BD318C103EA00F08CA9 /* SignInViewController.m */ = {isa = PBXFileReference; fileEncoding = 4; lastKnownFileType = sourcecode.c.objc; path = SignInViewController.m; sourceTree = "<group>"; };
		16DE4D7618BEC9FD00FF96A2 /* ScheduleIt.app */ = {isa = PBXFileReference; explicitFileType = wrapper.application; includeInIndex = 0; path = ScheduleIt.app; sourceTree = BUILT_PRODUCTS_DIR; };
		16DE4D7918BEC9FD00FF96A2 /* Foundation.framework */ = {isa = PBXFileReference; lastKnownFileType = wrapper.framework; name = Foundation.framework; path = System/Library/Frameworks/Foundation.framework; sourceTree = SDKROOT; };
		16DE4D7B18BEC9FD00FF96A2 /* CoreGraphics.framework */ = {isa = PBXFileReference; lastKnownFileType = wrapper.framework; name = CoreGraphics.framework; path = System/Library/Frameworks/CoreGraphics.framework; sourceTree = SDKROOT; };
		16DE4D7D18BEC9FD00FF96A2 /* UIKit.framework */ = {isa = PBXFileReference; lastKnownFileType = wrapper.framework; name = UIKit.framework; path = System/Library/Frameworks/UIKit.framework; sourceTree = SDKROOT; };
		16DE4D7F18BEC9FD00FF96A2 /* CoreData.framework */ = {isa = PBXFileReference; lastKnownFileType = wrapper.framework; name = CoreData.framework; path = System/Library/Frameworks/CoreData.framework; sourceTree = SDKROOT; };
		16DE4D8318BEC9FD00FF96A2 /* ScheduleIt-Info.plist */ = {isa = PBXFileReference; lastKnownFileType = text.plist.xml; path = "ScheduleIt-Info.plist"; sourceTree = "<group>"; };
		16DE4D8518BEC9FD00FF96A2 /* en */ = {isa = PBXFileReference; lastKnownFileType = text.plist.strings; name = en; path = en.lproj/InfoPlist.strings; sourceTree = "<group>"; };
		16DE4D8718BEC9FD00FF96A2 /* main.m */ = {isa = PBXFileReference; lastKnownFileType = sourcecode.c.objc; path = main.m; sourceTree = "<group>"; };
		16DE4D8918BEC9FD00FF96A2 /* ScheduleIt-Prefix.pch */ = {isa = PBXFileReference; lastKnownFileType = sourcecode.c.h; path = "ScheduleIt-Prefix.pch"; sourceTree = "<group>"; };
		16DE4D8A18BEC9FD00FF96A2 /* AppDelegate.h */ = {isa = PBXFileReference; lastKnownFileType = sourcecode.c.h; path = AppDelegate.h; sourceTree = "<group>"; };
		16DE4D8B18BEC9FD00FF96A2 /* AppDelegate.m */ = {isa = PBXFileReference; lastKnownFileType = sourcecode.c.objc; path = AppDelegate.m; sourceTree = "<group>"; };
		16DE4D8E18BEC9FD00FF96A2 /* ScheduleIt.xcdatamodel */ = {isa = PBXFileReference; lastKnownFileType = wrapper.xcdatamodel; path = ScheduleIt.xcdatamodel; sourceTree = "<group>"; };
		16DE4D9018BEC9FD00FF96A2 /* Images.xcassets */ = {isa = PBXFileReference; lastKnownFileType = folder.assetcatalog; path = Images.xcassets; sourceTree = "<group>"; };
		16DE4D9618BEC9FD00FF96A2 /* ScheduleItTests.xctest */ = {isa = PBXFileReference; explicitFileType = wrapper.cfbundle; includeInIndex = 0; path = ScheduleItTests.xctest; sourceTree = BUILT_PRODUCTS_DIR; };
		16DE4D9718BEC9FD00FF96A2 /* XCTest.framework */ = {isa = PBXFileReference; lastKnownFileType = wrapper.framework; name = XCTest.framework; path = Library/Frameworks/XCTest.framework; sourceTree = DEVELOPER_DIR; };
		16DE4DA018BEC9FD00FF96A2 /* ScheduleItTests-Info.plist */ = {isa = PBXFileReference; lastKnownFileType = text.plist.xml; path = "ScheduleItTests-Info.plist"; sourceTree = "<group>"; };
		16DE4DA218BEC9FD00FF96A2 /* en */ = {isa = PBXFileReference; lastKnownFileType = text.plist.strings; name = en; path = en.lproj/InfoPlist.strings; sourceTree = "<group>"; };
		16DE4DA418BEC9FD00FF96A2 /* ScheduleItTests.m */ = {isa = PBXFileReference; lastKnownFileType = sourcecode.c.objc; path = ScheduleItTests.m; sourceTree = "<group>"; };
		16DE4DB818BECEFE00FF96A2 /* BackgroundViewController.h */ = {isa = PBXFileReference; fileEncoding = 4; lastKnownFileType = sourcecode.c.h; path = BackgroundViewController.h; sourceTree = "<group>"; };
		16DE4DB918BECEFE00FF96A2 /* BackgroundViewController.m */ = {isa = PBXFileReference; fileEncoding = 4; lastKnownFileType = sourcecode.c.objc; path = BackgroundViewController.m; sourceTree = "<group>"; };
		16DE4DBB18BECFEB00FF96A2 /* Constants.h */ = {isa = PBXFileReference; fileEncoding = 4; lastKnownFileType = sourcecode.c.h; path = Constants.h; sourceTree = "<group>"; };
		16DE4DBD18C589DC00FF96A2 /* SITextField.h */ = {isa = PBXFileReference; fileEncoding = 4; lastKnownFileType = sourcecode.c.h; path = SITextField.h; sourceTree = "<group>"; };
		16DE4DBE18C589DC00FF96A2 /* SITextField.m */ = {isa = PBXFileReference; fileEncoding = 4; lastKnownFileType = sourcecode.c.objc; path = SITextField.m; sourceTree = "<group>"; };
		16DE4DC018C599EE00FF96A2 /* SIError.h */ = {isa = PBXFileReference; fileEncoding = 4; lastKnownFileType = sourcecode.c.h; path = SIError.h; sourceTree = "<group>"; };
		16DE4DC118C599EE00FF96A2 /* SIError.m */ = {isa = PBXFileReference; fileEncoding = 4; lastKnownFileType = sourcecode.c.objc; path = SIError.m; sourceTree = "<group>"; };
		16DE4DC418C6DC3400FF96A2 /* exit.png */ = {isa = PBXFileReference; lastKnownFileType = image.png; path = exit.png; sourceTree = "<group>"; };
		16DE4DC618C6DC4F00FF96A2 /* home.png */ = {isa = PBXFileReference; lastKnownFileType = image.png; path = home.png; sourceTree = "<group>"; };
		16DE4DC818C6DC6C00FF96A2 /* back.png */ = {isa = PBXFileReference; lastKnownFileType = image.png; path = back.png; sourceTree = "<group>"; };
		16DE4DCA18C6DCDE00FF96A2 /* error.png */ = {isa = PBXFileReference; lastKnownFileType = image.png; path = error.png; sourceTree = "<group>"; };
		16F3C4E418C6F81800F41C24 /* RegisterViewController.h */ = {isa = PBXFileReference; fileEncoding = 4; lastKnownFileType = sourcecode.c.h; path = RegisterViewController.h; sourceTree = "<group>"; };
		16F3C4E518C6F81800F41C24 /* RegisterViewController.m */ = {isa = PBXFileReference; fileEncoding = 4; lastKnownFileType = sourcecode.c.objc; path = RegisterViewController.m; sourceTree = "<group>"; };
/* End PBXFileReference section */

/* Begin PBXFrameworksBuildPhase section */
		16DE4D7318BEC9FD00FF96A2 /* Frameworks */ = {
			isa = PBXFrameworksBuildPhase;
			buildActionMask = 2147483647;
			files = (
				16DE4D7C18BEC9FD00FF96A2 /* CoreGraphics.framework in Frameworks */,
				16DE4D8018BEC9FD00FF96A2 /* CoreData.framework in Frameworks */,
				16DE4D7E18BEC9FD00FF96A2 /* UIKit.framework in Frameworks */,
				16DE4D7A18BEC9FD00FF96A2 /* Foundation.framework in Frameworks */,
			);
			runOnlyForDeploymentPostprocessing = 0;
		};
		16DE4D9318BEC9FD00FF96A2 /* Frameworks */ = {
			isa = PBXFrameworksBuildPhase;
			buildActionMask = 2147483647;
			files = (
				16DE4D9818BEC9FD00FF96A2 /* XCTest.framework in Frameworks */,
				16DE4D9B18BEC9FD00FF96A2 /* CoreData.framework in Frameworks */,
				16DE4D9A18BEC9FD00FF96A2 /* UIKit.framework in Frameworks */,
				16DE4D9918BEC9FD00FF96A2 /* Foundation.framework in Frameworks */,
			);
			runOnlyForDeploymentPostprocessing = 0;
		};
/* End PBXFrameworksBuildPhase section */

/* Begin PBXGroup section */
		0F2E6E4218C5131700F7F005 /* Button */ = {
			isa = PBXGroup;
			children = (
				0F2E6E3F18C4FCE700F7F005 /* SIButton.h */,
				0F2E6E4018C4FCE700F7F005 /* SIButton.m */,
			);
			name = Button;
			sourceTree = "<group>";
		};
		0F2E6E4318C5132400F7F005 /* ScrollView */ = {
			isa = PBXGroup;
			children = (
				0F2E6E4518C5135700F7F005 /* SIScrollView.h */,
				0F2E6E4618C5135700F7F005 /* SIScrollView.m */,
			);
			name = ScrollView;
			sourceTree = "<group>";
		};
		0F2E6E4F18C5519E00F7F005 /* Label */ = {
			isa = PBXGroup;
			children = (
				0F2E6E5418C5530800F7F005 /* SILabelTextBlock.h */,
				0F2E6E5518C5530800F7F005 /* SILabelTextBlock.m */,
				0F2E6E5718C5533000F7F005 /* SILabelHeader.h */,
				0F2E6E5818C5533000F7F005 /* SILabelHeader.m */,
			);
			name = Label;
			sourceTree = "<group>";
		};
		0F2E6E5018C551C100F7F005 /* TextField */ = {
			isa = PBXGroup;
			children = (
				16DE4DBD18C589DC00FF96A2 /* SITextField.h */,
				16DE4DBE18C589DC00FF96A2 /* SITextField.m */,
			);
			name = TextField;
			sourceTree = "<group>";
		};
		0F2E6E5D18C646C800F7F005 /* Resources */ = {
			isa = PBXGroup;
			children = (
				0F2E6E5E18C646CF00F7F005 /* Images */,
			);
			name = Resources;
			sourceTree = "<group>";
		};
		0F2E6E5E18C646CF00F7F005 /* Images */ = {
			isa = PBXGroup;
			children = (
				16DE4DC318C6DC0200FF96A2 /* NavigationBar */,
				0F2E6E5F18C646D700F7F005 /* PostAcknoledgement */,
			);
			name = Images;
			sourceTree = "<group>";
		};
		0F2E6E5F18C646D700F7F005 /* PostAcknoledgement */ = {
			isa = PBXGroup;
			children = (
				16DE4DCA18C6DCDE00FF96A2 /* error.png */,
			);
			name = PostAcknoledgement;
			sourceTree = "<group>";
		};
		0F2E6E7118C8E83700F7F005 /* AccountMain */ = {
			isa = PBXGroup;
			children = (
				0F2E6E7D18CA4C5000F7F005 /* AccountMainViewController.h */,
				0F2E6E7E18CA4C5000F7F005 /* AccountMainViewController.m */,
			);
			name = AccountMain;
			sourceTree = "<group>";
		};
		0F2E6E7218C8E84E00F7F005 /* UserProfile */ = {
			isa = PBXGroup;
			children = (
			);
			name = UserProfile;
			sourceTree = "<group>";
		};
		0F2E6E7318C8FF1200F7F005 /* TableView */ = {
			isa = PBXGroup;
			children = (
				0F2E6E7A18CA464200F7F005 /* SIGroupedTableView.h */,
				0F2E6E7B18CA464200F7F005 /* SIGroupedTableView.m */,
			);
			name = TableView;
			sourceTree = "<group>";
		};
		0FF88BD118C1038100F08CA9 /* SignIn */ = {
			isa = PBXGroup;
			children = (
				0FF88BD218C103EA00F08CA9 /* SignInViewController.h */,
				0FF88BD318C103EA00F08CA9 /* SignInViewController.m */,
				16F3C4E418C6F81800F41C24 /* RegisterViewController.h */,
				16F3C4E518C6F81800F41C24 /* RegisterViewController.m */,
			);
			name = SignIn;
			sourceTree = "<group>";
		};
		16DE4D6D18BEC9FD00FF96A2 = {
			isa = PBXGroup;
			children = (
				16DE4D8118BEC9FD00FF96A2 /* ScheduleIt */,
				16DE4D9E18BEC9FD00FF96A2 /* ScheduleItTests */,
				16DE4D7818BEC9FD00FF96A2 /* Frameworks */,
				16DE4D7718BEC9FD00FF96A2 /* Products */,
			);
			sourceTree = "<group>";
		};
		16DE4D7718BEC9FD00FF96A2 /* Products */ = {
			isa = PBXGroup;
			children = (
				16DE4D7618BEC9FD00FF96A2 /* ScheduleIt.app */,
				16DE4D9618BEC9FD00FF96A2 /* ScheduleItTests.xctest */,
			);
			name = Products;
			sourceTree = "<group>";
		};
		16DE4D7818BEC9FD00FF96A2 /* Frameworks */ = {
			isa = PBXGroup;
			children = (
				16DE4D7918BEC9FD00FF96A2 /* Foundation.framework */,
				16DE4D7B18BEC9FD00FF96A2 /* CoreGraphics.framework */,
				16DE4D7D18BEC9FD00FF96A2 /* UIKit.framework */,
				16DE4D7F18BEC9FD00FF96A2 /* CoreData.framework */,
				16DE4D9718BEC9FD00FF96A2 /* XCTest.framework */,
			);
			name = Frameworks;
			sourceTree = "<group>";
		};
		16DE4D8118BEC9FD00FF96A2 /* ScheduleIt */ = {
			isa = PBXGroup;
			children = (
				0F2E6E5D18C646C800F7F005 /* Resources */,
				16DE4DB718BECDD300FF96A2 /* Shared */,
				16DE4DB118BECA3E00FF96A2 /* Base */,
				16DE4DB018BECA3700FF96A2 /* Controllers */,
				16DE4DAF18BECA2F00FF96A2 /* Domain */,
				16DE4DAE18BECA1000FF96A2 /* CustomizedClasses */,
				16DE4D8218BEC9FD00FF96A2 /* Supporting Files */,
			);
			path = ScheduleIt;
			sourceTree = "<group>";
		};
		16DE4D8218BEC9FD00FF96A2 /* Supporting Files */ = {
			isa = PBXGroup;
			children = (
				16DE4D8318BEC9FD00FF96A2 /* ScheduleIt-Info.plist */,
				16DE4D8418BEC9FD00FF96A2 /* InfoPlist.strings */,
				16DE4D8718BEC9FD00FF96A2 /* main.m */,
				16DE4D8918BEC9FD00FF96A2 /* ScheduleIt-Prefix.pch */,
			);
			name = "Supporting Files";
			sourceTree = "<group>";
		};
		16DE4D9E18BEC9FD00FF96A2 /* ScheduleItTests */ = {
			isa = PBXGroup;
			children = (
				16DE4DA418BEC9FD00FF96A2 /* ScheduleItTests.m */,
				16DE4D9F18BEC9FD00FF96A2 /* Supporting Files */,
			);
			path = ScheduleItTests;
			sourceTree = "<group>";
		};
		16DE4D9F18BEC9FD00FF96A2 /* Supporting Files */ = {
			isa = PBXGroup;
			children = (
				16DE4DA018BEC9FD00FF96A2 /* ScheduleItTests-Info.plist */,
				16DE4DA118BEC9FD00FF96A2 /* InfoPlist.strings */,
			);
			name = "Supporting Files";
			sourceTree = "<group>";
		};
		16DE4DAE18BECA1000FF96A2 /* CustomizedClasses */ = {
			isa = PBXGroup;
			children = (
				0F2E6E7318C8FF1200F7F005 /* TableView */,
				0F2E6E5018C551C100F7F005 /* TextField */,
				0F2E6E4F18C5519E00F7F005 /* Label */,
				0F2E6E4318C5132400F7F005 /* ScrollView */,
				0F2E6E4218C5131700F7F005 /* Button */,
			);
			name = CustomizedClasses;
			sourceTree = "<group>";
		};
		16DE4DAF18BECA2F00FF96A2 /* Domain */ = {
			isa = PBXGroup;
			children = (
				16DE4DC018C599EE00FF96A2 /* SIError.h */,
				16DE4DC118C599EE00FF96A2 /* SIError.m */,
				0F2E6E7718C9205400F7F005 /* SIErrorCodes.h */,
				0F2E6E6518C68C4800F7F005 /* UserSessionContext.h */,
				0F2E6E6618C68C4800F7F005 /* UserSessionContext.m */,
				0F2E6E6818C68C6A00F7F005 /* AppSessionContext.h */,
				0F2E6E6918C68C6A00F7F005 /* AppSessionContext.m */,
			);
			name = Domain;
			sourceTree = "<group>";
		};
		16DE4DB018BECA3700FF96A2 /* Controllers */ = {
			isa = PBXGroup;
			children = (
				0F2E6E7218C8E84E00F7F005 /* UserProfile */,
				0F2E6E7118C8E83700F7F005 /* AccountMain */,
				0FF88BD118C1038100F08CA9 /* SignIn */,
			);
			name = Controllers;
			sourceTree = "<group>";
		};
		16DE4DB118BECA3E00FF96A2 /* Base */ = {
			isa = PBXGroup;
			children = (
				16DE4D8A18BEC9FD00FF96A2 /* AppDelegate.h */,
				16DE4D8B18BEC9FD00FF96A2 /* AppDelegate.m */,
				16DE4D9018BEC9FD00FF96A2 /* Images.xcassets */,
				16DE4D8D18BEC9FD00FF96A2 /* ScheduleIt.xcdatamodeld */,
			);
			name = Base;
			sourceTree = "<group>";
		};
		16DE4DB718BECDD300FF96A2 /* Shared */ = {
			isa = PBXGroup;
			children = (
				16DE4DB818BECEFE00FF96A2 /* BackgroundViewController.h */,
				16DE4DB918BECEFE00FF96A2 /* BackgroundViewController.m */,
				0F2E6E6E18C6911C00F7F005 /* Global.h */,
				16DE4DBB18BECFEB00FF96A2 /* Constants.h */,
				0F2E6E5A18C642A500F7F005 /* SIPostAcknoledgement.h */,
				0F2E6E5B18C642A500F7F005 /* SIPostAcknoledgement.m */,
			);
			name = Shared;
			sourceTree = "<group>";
		};
		16DE4DC318C6DC0200FF96A2 /* NavigationBar */ = {
			isa = PBXGroup;
			children = (
				16DE4DC818C6DC6C00FF96A2 /* back.png */,
				16DE4DC618C6DC4F00FF96A2 /* home.png */,
				16DE4DC418C6DC3400FF96A2 /* exit.png */,
			);
			name = NavigationBar;
			sourceTree = "<group>";
		};
/* End PBXGroup section */

/* Begin PBXNativeTarget section */
		16DE4D7518BEC9FD00FF96A2 /* ScheduleIt */ = {
			isa = PBXNativeTarget;
			buildConfigurationList = 16DE4DA818BEC9FD00FF96A2 /* Build configuration list for PBXNativeTarget "ScheduleIt" */;
			buildPhases = (
				16DE4D7218BEC9FD00FF96A2 /* Sources */,
				16DE4D7318BEC9FD00FF96A2 /* Frameworks */,
				16DE4D7418BEC9FD00FF96A2 /* Resources */,
			);
			buildRules = (
			);
			dependencies = (
			);
			name = ScheduleIt;
			productName = ScheduleIt;
			productReference = 16DE4D7618BEC9FD00FF96A2 /* ScheduleIt.app */;
			productType = "com.apple.product-type.application";
		};
		16DE4D9518BEC9FD00FF96A2 /* ScheduleItTests */ = {
			isa = PBXNativeTarget;
			buildConfigurationList = 16DE4DAB18BEC9FD00FF96A2 /* Build configuration list for PBXNativeTarget "ScheduleItTests" */;
			buildPhases = (
				16DE4D9218BEC9FD00FF96A2 /* Sources */,
				16DE4D9318BEC9FD00FF96A2 /* Frameworks */,
				16DE4D9418BEC9FD00FF96A2 /* Resources */,
			);
			buildRules = (
			);
			dependencies = (
				16DE4D9D18BEC9FD00FF96A2 /* PBXTargetDependency */,
			);
			name = ScheduleItTests;
			productName = ScheduleItTests;
			productReference = 16DE4D9618BEC9FD00FF96A2 /* ScheduleItTests.xctest */;
			productType = "com.apple.product-type.bundle.unit-test";
		};
/* End PBXNativeTarget section */

/* Begin PBXProject section */
		16DE4D6E18BEC9FD00FF96A2 /* Project object */ = {
			isa = PBXProject;
			attributes = {
				LastUpgradeCheck = 0500;
				ORGANIZATIONNAME = "Chris Wineland";
				TargetAttributes = {
					16DE4D9518BEC9FD00FF96A2 = {
						TestTargetID = 16DE4D7518BEC9FD00FF96A2;
					};
				};
			};
			buildConfigurationList = 16DE4D7118BEC9FD00FF96A2 /* Build configuration list for PBXProject "ScheduleIt" */;
			compatibilityVersion = "Xcode 3.2";
			developmentRegion = English;
			hasScannedForEncodings = 0;
			knownRegions = (
				en,
			);
			mainGroup = 16DE4D6D18BEC9FD00FF96A2;
			productRefGroup = 16DE4D7718BEC9FD00FF96A2 /* Products */;
			projectDirPath = "";
			projectRoot = "";
			targets = (
				16DE4D7518BEC9FD00FF96A2 /* ScheduleIt */,
				16DE4D9518BEC9FD00FF96A2 /* ScheduleItTests */,
			);
		};
/* End PBXProject section */

/* Begin PBXResourcesBuildPhase section */
		16DE4D7418BEC9FD00FF96A2 /* Resources */ = {
			isa = PBXResourcesBuildPhase;
			buildActionMask = 2147483647;
			files = (
				16DE4D8618BEC9FD00FF96A2 /* InfoPlist.strings in Resources */,
				16DE4D9118BEC9FD00FF96A2 /* Images.xcassets in Resources */,
				16DE4DC518C6DC3400FF96A2 /* exit.png in Resources */,
				16DE4DCB18C6DCDE00FF96A2 /* error.png in Resources */,
				16DE4DC918C6DC6C00FF96A2 /* back.png in Resources */,
				16DE4DC718C6DC4F00FF96A2 /* home.png in Resources */,
			);
			runOnlyForDeploymentPostprocessing = 0;
		};
		16DE4D9418BEC9FD00FF96A2 /* Resources */ = {
			isa = PBXResourcesBuildPhase;
			buildActionMask = 2147483647;
			files = (
				16DE4DA318BEC9FD00FF96A2 /* InfoPlist.strings in Resources */,
			);
			runOnlyForDeploymentPostprocessing = 0;
		};
/* End PBXResourcesBuildPhase section */

/* Begin PBXSourcesBuildPhase section */
		16DE4D7218BEC9FD00FF96A2 /* Sources */ = {
			isa = PBXSourcesBuildPhase;
			buildActionMask = 2147483647;
			files = (
				0F2E6E6A18C68C6A00F7F005 /* AppSessionContext.m in Sources */,
				16DE4DC218C599EE00FF96A2 /* SIError.m in Sources */,
				16DE4D8C18BEC9FD00FF96A2 /* AppDelegate.m in Sources */,
				16DE4DBF18C589DC00FF96A2 /* SITextField.m in Sources */,
				0F2E6E7C18CA464200F7F005 /* SIGroupedTableView.m in Sources */,
				0F2E6E7F18CA4C5000F7F005 /* AccountMainViewController.m in Sources */,
				0F2E6E4118C4FCE700F7F005 /* SIButton.m in Sources */,
				0F2E6E5C18C642A500F7F005 /* SIPostAcknoledgement.m in Sources */,
				16DE4D8F18BEC9FD00FF96A2 /* ScheduleIt.xcdatamodeld in Sources */,
				16DE4DBA18BECEFE00FF96A2 /* BackgroundViewController.m in Sources */,
				0F2E6E5618C5530800F7F005 /* SILabelTextBlock.m in Sources */,
				0FF88BD418C103EA00F08CA9 /* SignInViewController.m in Sources */,
				16F3C4E618C6F81800F41C24 /* RegisterViewController.m in Sources */,
				0F2E6E4718C5135700F7F005 /* SIScrollView.m in Sources */,
				16DE4D8818BEC9FD00FF96A2 /* main.m in Sources */,
				0F2E6E5918C5533000F7F005 /* SILabelHeader.m in Sources */,
				0F2E6E6718C68C4800F7F005 /* UserSessionContext.m in Sources */,
			);
			runOnlyForDeploymentPostprocessing = 0;
		};
		16DE4D9218BEC9FD00FF96A2 /* Sources */ = {
			isa = PBXSourcesBuildPhase;
			buildActionMask = 2147483647;
			files = (
				16DE4DA518BEC9FD00FF96A2 /* ScheduleItTests.m in Sources */,
			);
			runOnlyForDeploymentPostprocessing = 0;
		};
/* End PBXSourcesBuildPhase section */

/* Begin PBXTargetDependency section */
		16DE4D9D18BEC9FD00FF96A2 /* PBXTargetDependency */ = {
			isa = PBXTargetDependency;
			target = 16DE4D7518BEC9FD00FF96A2 /* ScheduleIt */;
			targetProxy = 16DE4D9C18BEC9FD00FF96A2 /* PBXContainerItemProxy */;
		};
/* End PBXTargetDependency section */

/* Begin PBXVariantGroup section */
		16DE4D8418BEC9FD00FF96A2 /* InfoPlist.strings */ = {
			isa = PBXVariantGroup;
			children = (
				16DE4D8518BEC9FD00FF96A2 /* en */,
			);
			name = InfoPlist.strings;
			sourceTree = "<group>";
		};
		16DE4DA118BEC9FD00FF96A2 /* InfoPlist.strings */ = {
			isa = PBXVariantGroup;
			children = (
				16DE4DA218BEC9FD00FF96A2 /* en */,
			);
			name = InfoPlist.strings;
			sourceTree = "<group>";
		};
/* End PBXVariantGroup section */

/* Begin XCBuildConfiguration section */
		16DE4DA618BEC9FD00FF96A2 /* Debug */ = {
			isa = XCBuildConfiguration;
			buildSettings = {
				ALWAYS_SEARCH_USER_PATHS = NO;
				ARCHS = "$(ARCHS_STANDARD_INCLUDING_64_BIT)";
				CLANG_CXX_LANGUAGE_STANDARD = "gnu++0x";
				CLANG_CXX_LIBRARY = "libc++";
				CLANG_ENABLE_MODULES = YES;
				CLANG_ENABLE_OBJC_ARC = YES;
				CLANG_WARN_BOOL_CONVERSION = YES;
				CLANG_WARN_CONSTANT_CONVERSION = YES;
				CLANG_WARN_DIRECT_OBJC_ISA_USAGE = YES_ERROR;
				CLANG_WARN_EMPTY_BODY = YES;
				CLANG_WARN_ENUM_CONVERSION = YES;
				CLANG_WARN_INT_CONVERSION = YES;
				CLANG_WARN_OBJC_ROOT_CLASS = YES_ERROR;
				CLANG_WARN__DUPLICATE_METHOD_MATCH = YES;
				"CODE_SIGN_IDENTITY[sdk=iphoneos*]" = "iPhone Developer";
				COPY_PHASE_STRIP = NO;
				GCC_C_LANGUAGE_STANDARD = gnu99;
				GCC_DYNAMIC_NO_PIC = NO;
				GCC_OPTIMIZATION_LEVEL = 0;
				GCC_PREPROCESSOR_DEFINITIONS = (
					"DEBUG=1",
					"$(inherited)",
				);
				GCC_SYMBOLS_PRIVATE_EXTERN = NO;
				GCC_WARN_64_TO_32_BIT_CONVERSION = YES;
				GCC_WARN_ABOUT_RETURN_TYPE = YES_ERROR;
				GCC_WARN_UNDECLARED_SELECTOR = YES;
				GCC_WARN_UNINITIALIZED_AUTOS = YES;
				GCC_WARN_UNUSED_FUNCTION = YES;
				GCC_WARN_UNUSED_VARIABLE = YES;
				IPHONEOS_DEPLOYMENT_TARGET = 7.0;
				ONLY_ACTIVE_ARCH = YES;
				SDKROOT = iphoneos;
			};
			name = Debug;
		};
		16DE4DA718BEC9FD00FF96A2 /* Release */ = {
			isa = XCBuildConfiguration;
			buildSettings = {
				ALWAYS_SEARCH_USER_PATHS = NO;
				ARCHS = "$(ARCHS_STANDARD_INCLUDING_64_BIT)";
				CLANG_CXX_LANGUAGE_STANDARD = "gnu++0x";
				CLANG_CXX_LIBRARY = "libc++";
				CLANG_ENABLE_MODULES = YES;
				CLANG_ENABLE_OBJC_ARC = YES;
				CLANG_WARN_BOOL_CONVERSION = YES;
				CLANG_WARN_CONSTANT_CONVERSION = YES;
				CLANG_WARN_DIRECT_OBJC_ISA_USAGE = YES_ERROR;
				CLANG_WARN_EMPTY_BODY = YES;
				CLANG_WARN_ENUM_CONVERSION = YES;
				CLANG_WARN_INT_CONVERSION = YES;
				CLANG_WARN_OBJC_ROOT_CLASS = YES_ERROR;
				CLANG_WARN__DUPLICATE_METHOD_MATCH = YES;
				"CODE_SIGN_IDENTITY[sdk=iphoneos*]" = "iPhone Developer";
				COPY_PHASE_STRIP = YES;
				ENABLE_NS_ASSERTIONS = NO;
				GCC_C_LANGUAGE_STANDARD = gnu99;
				GCC_WARN_64_TO_32_BIT_CONVERSION = YES;
				GCC_WARN_ABOUT_RETURN_TYPE = YES_ERROR;
				GCC_WARN_UNDECLARED_SELECTOR = YES;
				GCC_WARN_UNINITIALIZED_AUTOS = YES;
				GCC_WARN_UNUSED_FUNCTION = YES;
				GCC_WARN_UNUSED_VARIABLE = YES;
				IPHONEOS_DEPLOYMENT_TARGET = 7.0;
				SDKROOT = iphoneos;
				VALIDATE_PRODUCT = YES;
			};
			name = Release;
		};
		16DE4DA918BEC9FD00FF96A2 /* Debug */ = {
			isa = XCBuildConfiguration;
			buildSettings = {
				ASSETCATALOG_COMPILER_APPICON_NAME = AppIcon;
				ASSETCATALOG_COMPILER_LAUNCHIMAGE_NAME = LaunchImage;
				GCC_PRECOMPILE_PREFIX_HEADER = YES;
				GCC_PREFIX_HEADER = "ScheduleIt/ScheduleIt-Prefix.pch";
				INFOPLIST_FILE = "ScheduleIt/ScheduleIt-Info.plist";
				PRODUCT_NAME = "$(TARGET_NAME)";
				TARGETED_DEVICE_FAMILY = 1;
				WRAPPER_EXTENSION = app;
			};
			name = Debug;
		};
		16DE4DAA18BEC9FD00FF96A2 /* Release */ = {
			isa = XCBuildConfiguration;
			buildSettings = {
				ASSETCATALOG_COMPILER_APPICON_NAME = AppIcon;
				ASSETCATALOG_COMPILER_LAUNCHIMAGE_NAME = LaunchImage;
				GCC_PRECOMPILE_PREFIX_HEADER = YES;
				GCC_PREFIX_HEADER = "ScheduleIt/ScheduleIt-Prefix.pch";
				INFOPLIST_FILE = "ScheduleIt/ScheduleIt-Info.plist";
				PRODUCT_NAME = "$(TARGET_NAME)";
				TARGETED_DEVICE_FAMILY = 1;
				WRAPPER_EXTENSION = app;
			};
			name = Release;
		};
		16DE4DAC18BEC9FD00FF96A2 /* Debug */ = {
			isa = XCBuildConfiguration;
			buildSettings = {
				ARCHS = "$(ARCHS_STANDARD_INCLUDING_64_BIT)";
				BUNDLE_LOADER = "$(BUILT_PRODUCTS_DIR)/ScheduleIt.app/ScheduleIt";
				FRAMEWORK_SEARCH_PATHS = (
					"$(SDKROOT)/Developer/Library/Frameworks",
					"$(inherited)",
					"$(DEVELOPER_FRAMEWORKS_DIR)",
				);
				GCC_PRECOMPILE_PREFIX_HEADER = YES;
				GCC_PREFIX_HEADER = "ScheduleIt/ScheduleIt-Prefix.pch";
				GCC_PREPROCESSOR_DEFINITIONS = (
					"DEBUG=1",
					"$(inherited)",
				);
				INFOPLIST_FILE = "ScheduleItTests/ScheduleItTests-Info.plist";
				PRODUCT_NAME = "$(TARGET_NAME)";
				TEST_HOST = "$(BUNDLE_LOADER)";
				WRAPPER_EXTENSION = xctest;
			};
			name = Debug;
		};
		16DE4DAD18BEC9FD00FF96A2 /* Release */ = {
			isa = XCBuildConfiguration;
			buildSettings = {
				ARCHS = "$(ARCHS_STANDARD_INCLUDING_64_BIT)";
				BUNDLE_LOADER = "$(BUILT_PRODUCTS_DIR)/ScheduleIt.app/ScheduleIt";
				FRAMEWORK_SEARCH_PATHS = (
					"$(SDKROOT)/Developer/Library/Frameworks",
					"$(inherited)",
					"$(DEVELOPER_FRAMEWORKS_DIR)",
				);
				GCC_PRECOMPILE_PREFIX_HEADER = YES;
				GCC_PREFIX_HEADER = "ScheduleIt/ScheduleIt-Prefix.pch";
				INFOPLIST_FILE = "ScheduleItTests/ScheduleItTests-Info.plist";
				PRODUCT_NAME = "$(TARGET_NAME)";
				TEST_HOST = "$(BUNDLE_LOADER)";
				WRAPPER_EXTENSION = xctest;
			};
			name = Release;
		};
/* End XCBuildConfiguration section */

/* Begin XCConfigurationList section */
		16DE4D7118BEC9FD00FF96A2 /* Build configuration list for PBXProject "ScheduleIt" */ = {
			isa = XCConfigurationList;
			buildConfigurations = (
				16DE4DA618BEC9FD00FF96A2 /* Debug */,
				16DE4DA718BEC9FD00FF96A2 /* Release */,
			);
			defaultConfigurationIsVisible = 0;
			defaultConfigurationName = Release;
		};
		16DE4DA818BEC9FD00FF96A2 /* Build configuration list for PBXNativeTarget "ScheduleIt" */ = {
			isa = XCConfigurationList;
			buildConfigurations = (
				16DE4DA918BEC9FD00FF96A2 /* Debug */,
				16DE4DAA18BEC9FD00FF96A2 /* Release */,
			);
			defaultConfigurationIsVisible = 0;
			defaultConfigurationName = Release;
		};
		16DE4DAB18BEC9FD00FF96A2 /* Build configuration list for PBXNativeTarget "ScheduleItTests" */ = {
			isa = XCConfigurationList;
			buildConfigurations = (
				16DE4DAC18BEC9FD00FF96A2 /* Debug */,
				16DE4DAD18BEC9FD00FF96A2 /* Release */,
			);
			defaultConfigurationIsVisible = 0;
			defaultConfigurationName = Release;
		};
/* End XCConfigurationList section */

/* Begin XCVersionGroup section */
		16DE4D8D18BEC9FD00FF96A2 /* ScheduleIt.xcdatamodeld */ = {
			isa = XCVersionGroup;
			children = (
				16DE4D8E18BEC9FD00FF96A2 /* ScheduleIt.xcdatamodel */,
			);
			currentVersion = 16DE4D8E18BEC9FD00FF96A2 /* ScheduleIt.xcdatamodel */;
			path = ScheduleIt.xcdatamodeld;
			sourceTree = "<group>";
			versionGroupType = wrapper.xcdatamodel;
		};
/* End XCVersionGroup section */
	};
	rootObject = 16DE4D6E18BEC9FD00FF96A2 /* Project object */;
}
